
Microsoft Visual Studio Solution File, Format Version 12.00
# Visual Studio Version 16
VisualStudioVersion = 16.0.29926.136
MinimumVisualStudioVersion = 10.0.40219.1
Project("{FAE04EC0-301F-11D3-BF4B-00C04F79EFBC}") = "FirstRespository.Api", "..\src\FirstRespository.Api\FirstRespository.Api.csproj", "{5385C43A-5B74-4D20-91D6-CF58359A517F}"
EndProject
Global
	GlobalSection(SolutionConfigurationPlatforms) = preSolution
		Debug|Any CPU = Debug|Any CPU
		Release|Any CPU = Release|Any CPU
	EndGlobalSection
	GlobalSection(ProjectConfigurationPlatforms) = postSolution
		{5385C43A-5B74-4D20-91D6-CF58359A517F}.Debug|Any CPU.ActiveCfg = Debug|Any CPU
		{5385C43A-5B74-4D20-91D6-CF58359A517F}.Debug|Any CPU.Build.0 = Debug|Any CPU
		{5385C43A-5B74-4D20-91D6-CF58359A517F}.Release|Any CPU.ActiveCfg = Release|Any CPU
		{5385C43A-5B74-4D20-91D6-CF58359A517F}.Release|Any CPU.Build.0 = Release|Any CPU
	EndGlobalSection
	GlobalSection(SolutionProperties) = preSolution
		HideSolutionNode = FALSE
	EndGlobalSection
	GlobalSection(ExtensibilityGlobals) = postSolution
		SolutionGuid = {008BBC7D-E35A-423E-BE8F-4192C806E513}
	EndGlobalSection
EndGlobal
